// !$*UTF8*$!
{
	archiveVersion = 1;
	classes = {
	};
	objectVersion = 46;
	objects = {

/* Begin PBXBuildFile section */
		04A93A091AC5432F008E6B4D /* main.m in Sources */ = {isa = PBXBuildFile; fileRef = 04A93A081AC5432F008E6B4D /* main.m */; };
		04A93A0C1AC5432F008E6B4D /* AppDelegate.m in Sources */ = {isa = PBXBuildFile; fileRef = 04A93A0B1AC5432F008E6B4D /* AppDelegate.m */; };
		04A93A0F1AC5432F008E6B4D /* ViewController.m in Sources */ = {isa = PBXBuildFile; fileRef = 04A93A0E1AC5432F008E6B4D /* ViewController.m */; };
		04A93A121AC5432F008E6B4D /* Main.storyboard in Resources */ = {isa = PBXBuildFile; fileRef = 04A93A101AC5432F008E6B4D /* Main.storyboard */; };
		04A93A141AC5432F008E6B4D /* Images.xcassets in Resources */ = {isa = PBXBuildFile; fileRef = 04A93A131AC5432F008E6B4D /* Images.xcassets */; };
		04A93A171AC5432F008E6B4D /* LaunchScreen.xib in Resources */ = {isa = PBXBuildFile; fileRef = 04A93A151AC5432F008E6B4D /* LaunchScreen.xib */; };
		04A93A231AC5432F008E6B4D /* CustomTransitionExampleTests.m in Sources */ = {isa = PBXBuildFile; fileRef = 04A93A221AC5432F008E6B4D /* CustomTransitionExampleTests.m */; };
		04A93A2E1AC54345008E6B4D /* PresentAnimator.m in Sources */ = {isa = PBXBuildFile; fileRef = 04A93A2D1AC54345008E6B4D /* PresentAnimator.m */; };
		04A93A351AC5440F008E6B4D /* DetailViewController.m in Sources */ = {isa = PBXBuildFile; fileRef = 04A93A331AC5440F008E6B4D /* DetailViewController.m */; };
		04A93A361AC5440F008E6B4D /* DetailViewController.xib in Resources */ = {isa = PBXBuildFile; fileRef = 04A93A341AC5440F008E6B4D /* DetailViewController.xib */; };
		04A93A3A1AC54CCF008E6B4D /* TableViewCell.m in Sources */ = {isa = PBXBuildFile; fileRef = 04A93A381AC54CCF008E6B4D /* TableViewCell.m */; };
		04A93A3B1AC54CCF008E6B4D /* TableViewCell.xib in Resources */ = {isa = PBXBuildFile; fileRef = 04A93A391AC54CCF008E6B4D /* TableViewCell.xib */; };
		04A93A531AC54EE9008E6B4D /* 1.png in Resources */ = {isa = PBXBuildFile; fileRef = 04A93A3D1AC54EE9008E6B4D /* 1.png */; };
		04A93A541AC54EE9008E6B4D /* 10.png in Resources */ = {isa = PBXBuildFile; fileRef = 04A93A3E1AC54EE9008E6B4D /* 10.png */; };
		04A93A551AC54EE9008E6B4D /* 11.png in Resources */ = {isa = PBXBuildFile; fileRef = 04A93A3F1AC54EE9008E6B4D /* 11.png */; };
		04A93A561AC54EE9008E6B4D /* 12.png in Resources */ = {isa = PBXBuildFile; fileRef = 04A93A401AC54EE9008E6B4D /* 12.png */; };
		04A93A571AC54EE9008E6B4D /* 13.png in Resources */ = {isa = PBXBuildFile; fileRef = 04A93A411AC54EE9008E6B4D /* 13.png */; };
		04A93A581AC54EE9008E6B4D /* 14.png in Resources */ = {isa = PBXBuildFile; fileRef = 04A93A421AC54EE9008E6B4D /* 14.png */; };
		04A93A591AC54EE9008E6B4D /* 15.png in Resources */ = {isa = PBXBuildFile; fileRef = 04A93A431AC54EE9008E6B4D /* 15.png */; };
		04A93A5A1AC54EE9008E6B4D /* 16.png in Resources */ = {isa = PBXBuildFile; fileRef = 04A93A441AC54EE9008E6B4D /* 16.png */; };
		04A93A5B1AC54EE9008E6B4D /* 17.png in Resources */ = {isa = PBXBuildFile; fileRef = 04A93A451AC54EE9008E6B4D /* 17.png */; };
		04A93A5C1AC54EE9008E6B4D /* 18.png in Resources */ = {isa = PBXBuildFile; fileRef = 04A93A461AC54EE9008E6B4D /* 18.png */; };
		04A93A5D1AC54EE9008E6B4D /* 19.png in Resources */ = {isa = PBXBuildFile; fileRef = 04A93A471AC54EE9008E6B4D /* 19.png */; };
		04A93A5E1AC54EE9008E6B4D /* 2.png in Resources */ = {isa = PBXBuildFile; fileRef = 04A93A481AC54EE9008E6B4D /* 2.png */; };
		04A93A5F1AC54EE9008E6B4D /* 20.png in Resources */ = {isa = PBXBuildFile; fileRef = 04A93A491AC54EE9008E6B4D /* 20.png */; };
		04A93A601AC54EE9008E6B4D /* 21.png in Resources */ = {isa = PBXBuildFile; fileRef = 04A93A4A1AC54EE9008E6B4D /* 21.png */; };
		04A93A611AC54EE9008E6B4D /* 22.png in Resources */ = {isa = PBXBuildFile; fileRef = 04A93A4B1AC54EE9008E6B4D /* 22.png */; };
		04A93A621AC54EE9008E6B4D /* 3.png in Resources */ = {isa = PBXBuildFile; fileRef = 04A93A4C1AC54EE9008E6B4D /* 3.png */; };
		04A93A631AC54EE9008E6B4D /* 4.png in Resources */ = {isa = PBXBuildFile; fileRef = 04A93A4D1AC54EE9008E6B4D /* 4.png */; };
		04A93A641AC54EE9008E6B4D /* 5.png in Resources */ = {isa = PBXBuildFile; fileRef = 04A93A4E1AC54EE9008E6B4D /* 5.png */; };
		04A93A651AC54EE9008E6B4D /* 6.png in Resources */ = {isa = PBXBuildFile; fileRef = 04A93A4F1AC54EE9008E6B4D /* 6.png */; };
		04A93A661AC54EE9008E6B4D /* 7.png in Resources */ = {isa = PBXBuildFile; fileRef = 04A93A501AC54EE9008E6B4D /* 7.png */; };
		04A93A671AC54EE9008E6B4D /* 8.png in Resources */ = {isa = PBXBuildFile; fileRef = 04A93A511AC54EE9008E6B4D /* 8.png */; };
		04A93A681AC54EE9008E6B4D /* 9.png in Resources */ = {isa = PBXBuildFile; fileRef = 04A93A521AC54EE9008E6B4D /* 9.png */; };
/* End PBXBuildFile section */

/* Begin PBXContainerItemProxy section */
		04A93A1D1AC5432F008E6B4D /* PBXContainerItemProxy */ = {
			isa = PBXContainerItemProxy;
			containerPortal = 04A939FB1AC5432F008E6B4D /* Project object */;
			proxyType = 1;
			remoteGlobalIDString = 04A93A021AC5432F008E6B4D;
			remoteInfo = CustomTransitionExample;
		};
/* End PBXContainerItemProxy section */

/* Begin PBXFileReference section */
		04A93A031AC5432F008E6B4D /* CustomTransitionExample.app */ = {isa = PBXFileReference; explicitFileType = wrapper.application; includeInIndex = 0; path = CustomTransitionExample.app; sourceTree = BUILT_PRODUCTS_DIR; };
		04A93A071AC5432F008E6B4D /* Info.plist */ = {isa = PBXFileReference; lastKnownFileType = text.plist.xml; path = Info.plist; sourceTree = "<group>"; };
		04A93A081AC5432F008E6B4D /* main.m */ = {isa = PBXFileReference; lastKnownFileType = sourcecode.c.objc; path = main.m; sourceTree = "<group>"; };
		04A93A0A1AC5432F008E6B4D /* AppDelegate.h */ = {isa = PBXFileReference; lastKnownFileType = sourcecode.c.h; path = AppDelegate.h; sourceTree = "<group>"; };
		04A93A0B1AC5432F008E6B4D /* AppDelegate.m */ = {isa = PBXFileReference; lastKnownFileType = sourcecode.c.objc; path = AppDelegate.m; sourceTree = "<group>"; };
		04A93A0D1AC5432F008E6B4D /* ViewController.h */ = {isa = PBXFileReference; lastKnownFileType = sourcecode.c.h; path = ViewController.h; sourceTree = "<group>"; };
		04A93A0E1AC5432F008E6B4D /* ViewController.m */ = {isa = PBXFileReference; lastKnownFileType = sourcecode.c.objc; path = ViewController.m; sourceTree = "<group>"; };
		04A93A111AC5432F008E6B4D /* Base */ = {isa = PBXFileReference; lastKnownFileType = file.storyboard; name = Base; path = Base.lproj/Main.storyboard; sourceTree = "<group>"; };
		04A93A131AC5432F008E6B4D /* Images.xcassets */ = {isa = PBXFileReference; lastKnownFileType = folder.assetcatalog; path = Images.xcassets; sourceTree = "<group>"; };
		04A93A161AC5432F008E6B4D /* Base */ = {isa = PBXFileReference; lastKnownFileType = file.xib; name = Base; path = Base.lproj/LaunchScreen.xib; sourceTree = "<group>"; };
		04A93A1C1AC5432F008E6B4D /* CustomTransitionExampleTests.xctest */ = {isa = PBXFileReference; explicitFileType = wrapper.cfbundle; includeInIndex = 0; path = CustomTransitionExampleTests.xctest; sourceTree = BUILT_PRODUCTS_DIR; };
		04A93A211AC5432F008E6B4D /* Info.plist */ = {isa = PBXFileReference; lastKnownFileType = text.plist.xml; path = Info.plist; sourceTree = "<group>"; };
		04A93A221AC5432F008E6B4D /* CustomTransitionExampleTests.m */ = {isa = PBXFileReference; lastKnownFileType = sourcecode.c.objc; path = CustomTransitionExampleTests.m; sourceTree = "<group>"; };
		04A93A2C1AC54345008E6B4D /* PresentAnimator.h */ = {isa = PBXFileReference; fileEncoding = 4; lastKnownFileType = sourcecode.c.h; path = PresentAnimator.h; sourceTree = "<group>"; };
		04A93A2D1AC54345008E6B4D /* PresentAnimator.m */ = {isa = PBXFileReference; fileEncoding = 4; lastKnownFileType = sourcecode.c.objc; path = PresentAnimator.m; sourceTree = "<group>"; };
		04A93A321AC5440F008E6B4D /* DetailViewController.h */ = {isa = PBXFileReference; fileEncoding = 4; lastKnownFileType = sourcecode.c.h; path = DetailViewController.h; sourceTree = "<group>"; };
		04A93A331AC5440F008E6B4D /* DetailViewController.m */ = {isa = PBXFileReference; fileEncoding = 4; lastKnownFileType = sourcecode.c.objc; path = DetailViewController.m; sourceTree = "<group>"; };
		04A93A341AC5440F008E6B4D /* DetailViewController.xib */ = {isa = PBXFileReference; fileEncoding = 4; lastKnownFileType = file.xib; path = DetailViewController.xib; sourceTree = "<group>"; };
		04A93A371AC54CCF008E6B4D /* TableViewCell.h */ = {isa = PBXFileReference; fileEncoding = 4; lastKnownFileType = sourcecode.c.h; path = TableViewCell.h; sourceTree = "<group>"; };
		04A93A381AC54CCF008E6B4D /* TableViewCell.m */ = {isa = PBXFileReference; fileEncoding = 4; lastKnownFileType = sourcecode.c.objc; path = TableViewCell.m; sourceTree = "<group>"; };
		04A93A391AC54CCF008E6B4D /* TableViewCell.xib */ = {isa = PBXFileReference; fileEncoding = 4; lastKnownFileType = file.xib; path = TableViewCell.xib; sourceTree = "<group>"; };
		04A93A3D1AC54EE9008E6B4D /* 1.png */ = {isa = PBXFileReference; lastKnownFileType = image.png; path = 1.png; sourceTree = "<group>"; };
		04A93A3E1AC54EE9008E6B4D /* 10.png */ = {isa = PBXFileReference; lastKnownFileType = image.png; path = 10.png; sourceTree = "<group>"; };
		04A93A3F1AC54EE9008E6B4D /* 11.png */ = {isa = PBXFileReference; lastKnownFileType = image.png; path = 11.png; sourceTree = "<group>"; };
		04A93A401AC54EE9008E6B4D /* 12.png */ = {isa = PBXFileReference; lastKnownFileType = image.png; path = 12.png; sourceTree = "<group>"; };
		04A93A411AC54EE9008E6B4D /* 13.png */ = {isa = PBXFileReference; lastKnownFileType = image.png; path = 13.png; sourceTree = "<group>"; };
		04A93A421AC54EE9008E6B4D /* 14.png */ = {isa = PBXFileReference; lastKnownFileType = image.png; path = 14.png; sourceTree = "<group>"; };
		04A93A431AC54EE9008E6B4D /* 15.png */ = {isa = PBXFileReference; lastKnownFileType = image.png; path = 15.png; sourceTree = "<group>"; };
		04A93A441AC54EE9008E6B4D /* 16.png */ = {isa = PBXFileReference; lastKnownFileType = image.png; path = 16.png; sourceTree = "<group>"; };
		04A93A451AC54EE9008E6B4D /* 17.png */ = {isa = PBXFileReference; lastKnownFileType = image.png; path = 17.png; sourceTree = "<group>"; };
		04A93A461AC54EE9008E6B4D /* 18.png */ = {isa = PBXFileReference; lastKnownFileType = image.png; path = 18.png; sourceTree = "<group>"; };
		04A93A471AC54EE9008E6B4D /* 19.png */ = {isa = PBXFileReference; lastKnownFileType = image.png; path = 19.png; sourceTree = "<group>"; };
		04A93A481AC54EE9008E6B4D /* 2.png */ = {isa = PBXFileReference; lastKnownFileType = image.png; path = 2.png; sourceTree = "<group>"; };
		04A93A491AC54EE9008E6B4D /* 20.png */ = {isa = PBXFileReference; lastKnownFileType = image.png; path = 20.png; sourceTree = "<group>"; };
		04A93A4A1AC54EE9008E6B4D /* 21.png */ = {isa = PBXFileReference; lastKnownFileType = image.png; path = 21.png; sourceTree = "<group>"; };
		04A93A4B1AC54EE9008E6B4D /* 22.png */ = {isa = PBXFileReference; lastKnownFileType = image.png; path = 22.png; sourceTree = "<group>"; };
		04A93A4C1AC54EE9008E6B4D /* 3.png */ = {isa = PBXFileReference; lastKnownFileType = image.png; path = 3.png; sourceTree = "<group>"; };
		04A93A4D1AC54EE9008E6B4D /* 4.png */ = {isa = PBXFileReference; lastKnownFileType = image.png; path = 4.png; sourceTree = "<group>"; };
		04A93A4E1AC54EE9008E6B4D /* 5.png */ = {isa = PBXFileReference; lastKnownFileType = image.png; path = 5.png; sourceTree = "<group>"; };
		04A93A4F1AC54EE9008E6B4D /* 6.png */ = {isa = PBXFileReference; lastKnownFileType = image.png; path = 6.png; sourceTree = "<group>"; };
		04A93A501AC54EE9008E6B4D /* 7.png */ = {isa = PBXFileReference; lastKnownFileType = image.png; path = 7.png; sourceTree = "<group>"; };
		04A93A511AC54EE9008E6B4D /* 8.png */ = {isa = PBXFileReference; lastKnownFileType = image.png; path = 8.png; sourceTree = "<group>"; };
		04A93A521AC54EE9008E6B4D /* 9.png */ = {isa = PBXFileReference; lastKnownFileType = image.png; path = 9.png; sourceTree = "<group>"; };
/* End PBXFileReference section */

/* Begin PBXFrameworksBuildPhase section */
		04A93A001AC5432F008E6B4D /* Frameworks */ = {
			isa = PBXFrameworksBuildPhase;
			buildActionMask = 2147483647;
			files = (
			);
			runOnlyForDeploymentPostprocessing = 0;
		};
		04A93A191AC5432F008E6B4D /* Frameworks */ = {
			isa = PBXFrameworksBuildPhase;
			buildActionMask = 2147483647;
			files = (
			);
			runOnlyForDeploymentPostprocessing = 0;
		};
/* End PBXFrameworksBuildPhase section */

/* Begin PBXGroup section */
		04A939FA1AC5432F008E6B4D = {
			isa = PBXGroup;
			children = (
				04A93A051AC5432F008E6B4D /* CustomTransitionExample */,
				04A93A1F1AC5432F008E6B4D /* CustomTransitionExampleTests */,
				04A93A041AC5432F008E6B4D /* Products */,
			);
			sourceTree = "<group>";
		};
		04A93A041AC5432F008E6B4D /* Products */ = {
			isa = PBXGroup;
			children = (
				04A93A031AC5432F008E6B4D /* CustomTransitionExample.app */,
				04A93A1C1AC5432F008E6B4D /* CustomTransitionExampleTests.xctest */,
			);
			name = Products;
			sourceTree = "<group>";
		};
		04A93A051AC5432F008E6B4D /* CustomTransitionExample */ = {
			isa = PBXGroup;
			children = (
				04A93A0A1AC5432F008E6B4D /* AppDelegate.h */,
				04A93A0B1AC5432F008E6B4D /* AppDelegate.m */,
				04A93A0D1AC5432F008E6B4D /* ViewController.h */,
				04A93A0E1AC5432F008E6B4D /* ViewController.m */,
				04A93A371AC54CCF008E6B4D /* TableViewCell.h */,
				04A93A381AC54CCF008E6B4D /* TableViewCell.m */,
				04A93A391AC54CCF008E6B4D /* TableViewCell.xib */,
				04A93A321AC5440F008E6B4D /* DetailViewController.h */,
				04A93A331AC5440F008E6B4D /* DetailViewController.m */,
				04A93A341AC5440F008E6B4D /* DetailViewController.xib */,
				04A93A2C1AC54345008E6B4D /* PresentAnimator.h */,
				04A93A2D1AC54345008E6B4D /* PresentAnimator.m */,
				04A93A101AC5432F008E6B4D /* Main.storyboard */,
				04A93A3C1AC54EE9008E6B4D /* freeImages */,
				04A93A131AC5432F008E6B4D /* Images.xcassets */,
				04A93A151AC5432F008E6B4D /* LaunchScreen.xib */,
				04A93A061AC5432F008E6B4D /* Supporting Files */,
			);
			path = CustomTransitionExample;
			sourceTree = "<group>";
		};
		04A93A061AC5432F008E6B4D /* Supporting Files */ = {
			isa = PBXGroup;
			children = (
				04A93A071AC5432F008E6B4D /* Info.plist */,
				04A93A081AC5432F008E6B4D /* main.m */,
			);
			name = "Supporting Files";
			sourceTree = "<group>";
		};
		04A93A1F1AC5432F008E6B4D /* CustomTransitionExampleTests */ = {
			isa = PBXGroup;
			children = (
				04A93A221AC5432F008E6B4D /* CustomTransitionExampleTests.m */,
				04A93A201AC5432F008E6B4D /* Supporting Files */,
			);
			path = CustomTransitionExampleTests;
			sourceTree = "<group>";
		};
		04A93A201AC5432F008E6B4D /* Supporting Files */ = {
			isa = PBXGroup;
			children = (
				04A93A211AC5432F008E6B4D /* Info.plist */,
			);
			name = "Supporting Files";
			sourceTree = "<group>";
		};
		04A93A3C1AC54EE9008E6B4D /* freeImages */ = {
			isa = PBXGroup;
			children = (
				04A93A3D1AC54EE9008E6B4D /* 1.png */,
				04A93A3E1AC54EE9008E6B4D /* 10.png */,
				04A93A3F1AC54EE9008E6B4D /* 11.png */,
				04A93A401AC54EE9008E6B4D /* 12.png */,
				04A93A411AC54EE9008E6B4D /* 13.png */,
				04A93A421AC54EE9008E6B4D /* 14.png */,
				04A93A431AC54EE9008E6B4D /* 15.png */,
				04A93A441AC54EE9008E6B4D /* 16.png */,
				04A93A451AC54EE9008E6B4D /* 17.png */,
				04A93A461AC54EE9008E6B4D /* 18.png */,
				04A93A471AC54EE9008E6B4D /* 19.png */,
				04A93A481AC54EE9008E6B4D /* 2.png */,
				04A93A491AC54EE9008E6B4D /* 20.png */,
				04A93A4A1AC54EE9008E6B4D /* 21.png */,
				04A93A4B1AC54EE9008E6B4D /* 22.png */,
				04A93A4C1AC54EE9008E6B4D /* 3.png */,
				04A93A4D1AC54EE9008E6B4D /* 4.png */,
				04A93A4E1AC54EE9008E6B4D /* 5.png */,
				04A93A4F1AC54EE9008E6B4D /* 6.png */,
				04A93A501AC54EE9008E6B4D /* 7.png */,
				04A93A511AC54EE9008E6B4D /* 8.png */,
				04A93A521AC54EE9008E6B4D /* 9.png */,
			);
			path = freeImages;
			sourceTree = "<group>";
		};
/* End PBXGroup section */

/* Begin PBXNativeTarget section */
		04A93A021AC5432F008E6B4D /* CustomTransitionExample */ = {
			isa = PBXNativeTarget;
			buildConfigurationList = 04A93A261AC5432F008E6B4D /* Build configuration list for PBXNativeTarget "CustomTransitionExample" */;
			buildPhases = (
				04A939FF1AC5432F008E6B4D /* Sources */,
				04A93A001AC5432F008E6B4D /* Frameworks */,
				04A93A011AC5432F008E6B4D /* Resources */,
			);
			buildRules = (
			);
			dependencies = (
			);
			name = CustomTransitionExample;
			productName = CustomTransitionExample;
			productReference = 04A93A031AC5432F008E6B4D /* CustomTransitionExample.app */;
			productType = "com.apple.product-type.application";
		};
		04A93A1B1AC5432F008E6B4D /* CustomTransitionExampleTests */ = {
			isa = PBXNativeTarget;
			buildConfigurationList = 04A93A291AC5432F008E6B4D /* Build configuration list for PBXNativeTarget "CustomTransitionExampleTests" */;
			buildPhases = (
				04A93A181AC5432F008E6B4D /* Sources */,
				04A93A191AC5432F008E6B4D /* Frameworks */,
				04A93A1A1AC5432F008E6B4D /* Resources */,
			);
			buildRules = (
			);
			dependencies = (
				04A93A1E1AC5432F008E6B4D /* PBXTargetDependency */,
			);
			name = CustomTransitionExampleTests;
			productName = CustomTransitionExampleTests;
			productReference = 04A93A1C1AC5432F008E6B4D /* CustomTransitionExampleTests.xctest */;
			productType = "com.apple.product-type.bundle.unit-test";
		};
/* End PBXNativeTarget section */

/* Begin PBXProject section */
		04A939FB1AC5432F008E6B4D /* Project object */ = {
			isa = PBXProject;
			attributes = {
				LastUpgradeCheck = 0620;
				ORGANIZATIONNAME = LiveSimply;
				TargetAttributes = {
					04A93A021AC5432F008E6B4D = {
						CreatedOnToolsVersion = 6.2;
					};
					04A93A1B1AC5432F008E6B4D = {
						CreatedOnToolsVersion = 6.2;
						TestTargetID = 04A93A021AC5432F008E6B4D;
					};
				};
			};
			buildConfigurationList = 04A939FE1AC5432F008E6B4D /* Build configuration list for PBXProject "CustomTransitionExample" */;
			compatibilityVersion = "Xcode 3.2";
			developmentRegion = English;
			hasScannedForEncodings = 0;
			knownRegions = (
				en,
				Base,
			);
			mainGroup = 04A939FA1AC5432F008E6B4D;
			productRefGroup = 04A93A041AC5432F008E6B4D /* Products */;
			projectDirPath = "";
			projectRoot = "";
			targets = (
				04A93A021AC5432F008E6B4D /* CustomTransitionExample */,
				04A93A1B1AC5432F008E6B4D /* CustomTransitionExampleTests */,
			);
		};
/* End PBXProject section */

/* Begin PBXResourcesBuildPhase section */
		04A93A011AC5432F008E6B4D /* Resources */ = {
			isa = PBXResourcesBuildPhase;
			buildActionMask = 2147483647;
			files = (
				04A93A631AC54EE9008E6B4D /* 4.png in Resources */,
				04A93A5C1AC54EE9008E6B4D /* 18.png in Resources */,
				04A93A661AC54EE9008E6B4D /* 7.png in Resources */,
				04A93A641AC54EE9008E6B4D /* 5.png in Resources */,
				04A93A5A1AC54EE9008E6B4D /* 16.png in Resources */,
				04A93A5E1AC54EE9008E6B4D /* 2.png in Resources */,
				04A93A5B1AC54EE9008E6B4D /* 17.png in Resources */,
				04A93A651AC54EE9008E6B4D /* 6.png in Resources */,
				04A93A5D1AC54EE9008E6B4D /* 19.png in Resources */,
				04A93A611AC54EE9008E6B4D /* 22.png in Resources */,
				04A93A121AC5432F008E6B4D /* Main.storyboard in Resources */,
				04A93A541AC54EE9008E6B4D /* 10.png in Resources */,
				04A93A581AC54EE9008E6B4D /* 14.png in Resources */,
				04A93A591AC54EE9008E6B4D /* 15.png in Resources */,
				04A93A5F1AC54EE9008E6B4D /* 20.png in Resources */,
				04A93A3B1AC54CCF008E6B4D /* TableViewCell.xib in Resources */,
				04A93A621AC54EE9008E6B4D /* 3.png in Resources */,
				04A93A561AC54EE9008E6B4D /* 12.png in Resources */,
				04A93A551AC54EE9008E6B4D /* 11.png in Resources */,
				04A93A601AC54EE9008E6B4D /* 21.png in Resources */,
				04A93A571AC54EE9008E6B4D /* 13.png in Resources */,
				04A93A681AC54EE9008E6B4D /* 9.png in Resources */,
				04A93A171AC5432F008E6B4D /* LaunchScreen.xib in Resources */,
				04A93A671AC54EE9008E6B4D /* 8.png in Resources */,
				04A93A531AC54EE9008E6B4D /* 1.png in Resources */,
				04A93A141AC5432F008E6B4D /* Images.xcassets in Resources */,
				04A93A361AC5440F008E6B4D /* DetailViewController.xib in Resources */,
			);
			runOnlyForDeploymentPostprocessing = 0;
		};
		04A93A1A1AC5432F008E6B4D /* Resources */ = {
			isa = PBXResourcesBuildPhase;
			buildActionMask = 2147483647;
			files = (
			);
			runOnlyForDeploymentPostprocessing = 0;
		};
/* End PBXResourcesBuildPhase section */

/* Begin PBXSourcesBuildPhase section */
		04A939FF1AC5432F008E6B4D /* Sources */ = {
			isa = PBXSourcesBuildPhase;
			buildActionMask = 2147483647;
			files = (
				04A93A351AC5440F008E6B4D /* DetailViewController.m in Sources */,
				04A93A3A1AC54CCF008E6B4D /* TableViewCell.m in Sources */,
				04A93A2E1AC54345008E6B4D /* PresentAnimator.m in Sources */,
				04A93A0F1AC5432F008E6B4D /* ViewController.m in Sources */,
				04A93A0C1AC5432F008E6B4D /* AppDelegate.m in Sources */,
				04A93A091AC5432F008E6B4D /* main.m in Sources */,
			);
			runOnlyForDeploymentPostprocessing = 0;
		};
		04A93A181AC5432F008E6B4D /* Sources */ = {
			isa = PBXSourcesBuildPhase;
			buildActionMask = 2147483647;
			files = (
				04A93A231AC5432F008E6B4D /* CustomTransitionExampleTests.m in Sources */,
			);
			runOnlyForDeploymentPostprocessing = 0;
		};
/* End PBXSourcesBuildPhase section */

/* Begin PBXTargetDependency section */
		04A93A1E1AC5432F008E6B4D /* PBXTargetDependency */ = {
			isa = PBXTargetDependency;
			target = 04A93A021AC5432F008E6B4D /* CustomTransitionExample */;
			targetProxy = 04A93A1D1AC5432F008E6B4D /* PBXContainerItemProxy */;
		};
/* End PBXTargetDependency section */

/* Begin PBXVariantGroup section */
		04A93A101AC5432F008E6B4D /* Main.storyboard */ = {
			isa = PBXVariantGroup;
			children = (
				04A93A111AC5432F008E6B4D /* Base */,
			);
			name = Main.storyboard;
			sourceTree = "<group>";
		};
		04A93A151AC5432F008E6B4D /* LaunchScreen.xib */ = {
			isa = PBXVariantGroup;
			children = (
				04A93A161AC5432F008E6B4D /* Base */,
			);
			name = LaunchScreen.xib;
			sourceTree = "<group>";
		};
/* End PBXVariantGroup section */

/* Begin XCBuildConfiguration section */
		04A93A241AC5432F008E6B4D /* Debug */ = {
			isa = XCBuildConfiguration;
			buildSettings = {
				ALWAYS_SEARCH_USER_PATHS = NO;
				CLANG_CXX_LANGUAGE_STANDARD = "gnu++0x";
				CLANG_CXX_LIBRARY = "libc++";
				CLANG_ENABLE_MODULES = YES;
				CLANG_ENABLE_OBJC_ARC = YES;
				CLANG_WARN_BOOL_CONVERSION = YES;
				CLANG_WARN_CONSTANT_CONVERSION = YES;
				CLANG_WARN_DIRECT_OBJC_ISA_USAGE = YES_ERROR;
				CLANG_WARN_EMPTY_BODY = YES;
				CLANG_WARN_ENUM_CONVERSION = YES;
				CLANG_WARN_INT_CONVERSION = YES;
				CLANG_WARN_OBJC_ROOT_CLASS = YES_ERROR;
				CLANG_WARN_UNREACHABLE_CODE = YES;
				CLANG_WARN__DUPLICATE_METHOD_MATCH = YES;
				"CODE_SIGN_IDENTITY[sdk=iphoneos*]" = "iPhone Developer";
				COPY_PHASE_STRIP = NO;
				ENABLE_STRICT_OBJC_MSGSEND = YES;
				GCC_C_LANGUAGE_STANDARD = gnu99;
				GCC_DYNAMIC_NO_PIC = NO;
				GCC_OPTIMIZATION_LEVEL = 0;
				GCC_PREPROCESSOR_DEFINITIONS = (
					"DEBUG=1",
					"$(inherited)",
				);
				GCC_SYMBOLS_PRIVATE_EXTERN = NO;
				GCC_WARN_64_TO_32_BIT_CONVERSION = YES;
				GCC_WARN_ABOUT_RETURN_TYPE = YES_ERROR;
				GCC_WARN_UNDECLARED_SELECTOR = YES;
				GCC_WARN_UNINITIALIZED_AUTOS = YES_AGGRESSIVE;
				GCC_WARN_UNUSED_FUNCTION = YES;
				GCC_WARN_UNUSED_VARIABLE = YES;
				IPHONEOS_DEPLOYMENT_TARGET = 8.2;
				MTL_ENABLE_DEBUG_INFO = YES;
				ONLY_ACTIVE_ARCH = YES;
				SDKROOT = iphoneos;
			};
			name = Debug;
		};
		04A93A251AC5432F008E6B4D /* Release */ = {
			isa = XCBuildConfiguration;
			buildSettings = {
				ALWAYS_SEARCH_USER_PATHS = NO;
				CLANG_CXX_LANGUAGE_STANDARD = "gnu++0x";
				CLANG_CXX_LIBRARY = "libc++";
				CLANG_ENABLE_MODULES = YES;
				CLANG_ENABLE_OBJC_ARC = YES;
				CLANG_WARN_BOOL_CONVERSION = YES;
				CLANG_WARN_CONSTANT_CONVERSION = YES;
				CLANG_WARN_DIRECT_OBJC_ISA_USAGE = YES_ERROR;
				CLANG_WARN_EMPTY_BODY = YES;
				CLANG_WARN_ENUM_CONVERSION = YES;
				CLANG_WARN_INT_CONVERSION = YES;
				CLANG_WARN_OBJC_ROOT_CLASS = YES_ERROR;
				CLANG_WARN_UNREACHABLE_CODE = YES;
				CLANG_WARN__DUPLICATE_METHOD_MATCH = YES;
				"CODE_SIGN_IDENTITY[sdk=iphoneos*]" = "iPhone Developer";
				COPY_PHASE_STRIP = NO;
				ENABLE_NS_ASSERTIONS = NO;
				ENABLE_STRICT_OBJC_MSGSEND = YES;
				GCC_C_LANGUAGE_STANDARD = gnu99;
				GCC_WARN_64_TO_32_BIT_CONVERSION = YES;
				GCC_WARN_ABOUT_RETURN_TYPE = YES_ERROR;
				GCC_WARN_UNDECLARED_SELECTOR = YES;
				GCC_WARN_UNINITIALIZED_AUTOS = YES_AGGRESSIVE;
				GCC_WARN_UNUSED_FUNCTION = YES;
				GCC_WARN_UNUSED_VARIABLE = YES;
				IPHONEOS_DEPLOYMENT_TARGET = 8.2;
				MTL_ENABLE_DEBUG_INFO = NO;
				SDKROOT = iphoneos;
				VALIDATE_PRODUCT = YES;
			};
			name = Release;
		};
		04A93A271AC5432F008E6B4D /* Debug */ = {
			isa = XCBuildConfiguration;
			buildSettings = {
				ASSETCATALOG_COMPILER_APPICON_NAME = AppIcon;
				INFOPLIST_FILE = CustomTransitionExample/Info.plist;
				LD_RUNPATH_SEARCH_PATHS = "$(inherited) @executable_path/Frameworks";
				PRODUCT_NAME = "$(TARGET_NAME)";
			};
			name = Debug;
		};
		04A93A281AC5432F008E6B4D /* Release */ = {
			isa = XCBuildConfiguration;
			buildSettings = {
				ASSETCATALOG_COMPILER_APPICON_NAME = AppIcon;
				INFOPLIST_FILE = CustomTransitionExample/Info.plist;
				LD_RUNPATH_SEARCH_PATHS = "$(inherited) @executable_path/Frameworks";
				PRODUCT_NAME = "$(TARGET_NAME)";
			};
			name = Release;
		};
		04A93A2A1AC5432F008E6B4D /* Debug */ = {
			isa = XCBuildConfiguration;
			buildSettings = {
				BUNDLE_LOADER = "$(TEST_HOST)";
				FRAMEWORK_SEARCH_PATHS = (
					"$(SDKROOT)/Developer/Library/Frameworks",
					"$(inherited)",
				);
				GCC_PREPROCESSOR_DEFINITIONS = (
					"DEBUG=1",
					"$(inherited)",
				);
				INFOPLIST_FILE = CustomTransitionExampleTests/Info.plist;
				LD_RUNPATH_SEARCH_PATHS = "$(inherited) @executable_path/Frameworks @loader_path/Frameworks";
				PRODUCT_NAME = "$(TARGET_NAME)";
				TEST_HOST = "$(BUILT_PRODUCTS_DIR)/CustomTransitionExample.app/CustomTransitionExample";
			};
			name = Debug;
		};
		04A93A2B1AC5432F008E6B4D /* Release */ = {
			isa = XCBuildConfiguration;
			buildSettings = {
				BUNDLE_LOADER = "$(TEST_HOST)";
				FRAMEWORK_SEARCH_PATHS = (
					"$(SDKROOT)/Developer/Library/Frameworks",
					"$(inherited)",
				);
				INFOPLIST_FILE = CustomTransitionExampleTests/Info.plist;
				LD_RUNPATH_SEARCH_PATHS = "$(inherited) @executable_path/Frameworks @loader_path/Frameworks";
				PRODUCT_NAME = "$(TARGET_NAME)";
				TEST_HOST = "$(BUILT_PRODUCTS_DIR)/CustomTransitionExample.app/CustomTransitionExample";
			};
			name = Release;
		};
/* End XCBuildConfiguration section */

/* Begin XCConfigurationList section */
		04A939FE1AC5432F008E6B4D /* Build configuration list for PBXProject "CustomTransitionExample" */ = {
			isa = XCConfigurationList;
			buildConfigurations = (
				04A93A241AC5432F008E6B4D /* Debug */,
				04A93A251AC5432F008E6B4D /* Release */,
			);
			defaultConfigurationIsVisible = 0;
			defaultConfigurationName = Release;
		};
		04A93A261AC5432F008E6B4D /* Build configuration list for PBXNativeTarget "CustomTransitionExample" */ = {
			isa = XCConfigurationList;
			buildConfigurations = (
				04A93A271AC5432F008E6B4D /* Debug */,
				04A93A281AC5432F008E6B4D /* Release */,
			);
			defaultConfigurationIsVisible = 0;
		};
		04A93A291AC5432F008E6B4D /* Build configuration list for PBXNativeTarget "CustomTransitionExampleTests" */ = {
			isa = XCConfigurationList;
			buildConfigurations = (
				04A93A2A1AC5432F008E6B4D /* Debug */,
				04A93A2B1AC5432F008E6B4D /* Release */,
			);
			defaultConfigurationIsVisible = 0;
		};
/* End XCConfigurationList section */
	};
	rootObject = 04A939FB1AC5432F008E6B4D /* Project object */;
}
